
Microsoft Visual Studio Solution File, Format Version 12.00
# Visual Studio Version 16
VisualStudioVersion = 16.0.29215.179
MinimumVisualStudioVersion = 10.0.40219.1
Project("{FAE04EC0-301F-11D3-BF4B-00C04F79EFBC}") = "usingapi", "usingapi\usingapi.csproj", "{4DB3E960-BFD1-4488-9453-7D1D5A006234}"
EndProject
Global
	GlobalSection(SolutionConfigurationPlatforms) = preSolution
		Debug|Any CPU = Debug|Any CPU
		Release|Any CPU = Release|Any CPU
	EndGlobalSection
	GlobalSection(ProjectConfigurationPlatforms) = postSolution
		{4DB3E960-BFD1-4488-9453-7D1D5A006234}.Debug|Any CPU.ActiveCfg = Debug|Any CPU
		{4DB3E960-BFD1-4488-9453-7D1D5A006234}.Debug|Any CPU.Build.0 = Debug|Any CPU
		{4DB3E960-BFD1-4488-9453-7D1D5A006234}.Release|Any CPU.ActiveCfg = Release|Any CPU
		{4DB3E960-BFD1-4488-9453-7D1D5A006234}.Release|Any CPU.Build.0 = Release|Any CPU
	EndGlobalSection
	GlobalSection(SolutionProperties) = preSolution
		HideSolutionNode = FALSE
	EndGlobalSection
	GlobalSection(ExtensibilityGlobals) = postSolution
		SolutionGuid = {A12D4649-8171-4BD0-832C-2CD83F983704}
	EndGlobalSection
EndGlobal
